
Microsoft Visual Studio Solution File, Format Version 12.00
# Visual Studio 15
VisualStudioVersion = 15.0.33026.149
MinimumVisualStudioVersion = 10.0.40219.1
Project("{FAE04EC0-301F-11D3-BF4B-00C04F79EFBC}") = "AplicatieTest", "AplicatieTest\AplicatieTest.csproj", "{B4BDFA4B-11CB-4C0E-975F-C18834CB5AFF}"
EndProject
Global
	GlobalSection(SolutionConfigurationPlatforms) = preSolution
		Debug|Any CPU = Debug|Any CPU
		Release|Any CPU = Release|Any CPU
	EndGlobalSection
	GlobalSection(ProjectConfigurationPlatforms) = postSolution
		{B4BDFA4B-11CB-4C0E-975F-C18834CB5AFF}.Debug|Any CPU.ActiveCfg = Debug|Any CPU
		{B4BDFA4B-11CB-4C0E-975F-C18834CB5AFF}.Debug|Any CPU.Build.0 = Debug|Any CPU
		{B4BDFA4B-11CB-4C0E-975F-C18834CB5AFF}.Release|Any CPU.ActiveCfg = Release|Any CPU
		{B4BDFA4B-11CB-4C0E-975F-C18834CB5AFF}.Release|Any CPU.Build.0 = Release|Any CPU
	EndGlobalSection
	GlobalSection(SolutionProperties) = preSolution
		HideSolutionNode = FALSE
	EndGlobalSection
	GlobalSection(ExtensibilityGlobals) = postSolution
		SolutionGuid = {43582C97-D801-4180-AF8F-27BFBEA22FD7}
	EndGlobalSection
EndGlobal
