
Microsoft Visual Studio Solution File, Format Version 12.00
# Visual Studio 15
VisualStudioVersion = 15.0.33026.149
MinimumVisualStudioVersion = 10.0.40219.1
Project("{FAE04EC0-301F-11D3-BF4B-00C04F79EFBC}") = "Monitor resurse", "Monitor resurse\Monitor resurse.csproj", "{7868F6FA-CD6B-4D34-A493-35B93F064841}"
EndProject
Global
	GlobalSection(SolutionConfigurationPlatforms) = preSolution
		Debug|Any CPU = Debug|Any CPU
		Release|Any CPU = Release|Any CPU
	EndGlobalSection
	GlobalSection(ProjectConfigurationPlatforms) = postSolution
		{7868F6FA-CD6B-4D34-A493-35B93F064841}.Debug|Any CPU.ActiveCfg = Debug|Any CPU
		{7868F6FA-CD6B-4D34-A493-35B93F064841}.Debug|Any CPU.Build.0 = Debug|Any CPU
		{7868F6FA-CD6B-4D34-A493-35B93F064841}.Release|Any CPU.ActiveCfg = Release|Any CPU
		{7868F6FA-CD6B-4D34-A493-35B93F064841}.Release|Any CPU.Build.0 = Release|Any CPU
	EndGlobalSection
	GlobalSection(SolutionProperties) = preSolution
		HideSolutionNode = FALSE
	EndGlobalSection
	GlobalSection(ExtensibilityGlobals) = postSolution
		SolutionGuid = {E54E7FE2-ED33-4883-90C0-3B857FE6126C}
	EndGlobalSection
EndGlobal
